
Microsoft Visual Studio Solution File, Format Version 12.00
# Visual Studio 15
VisualStudioVersion = 15.0.26124.0
MinimumVisualStudioVersion = 15.0.26124.0
Project("{FAE04EC0-301F-11D3-BF4B-00C04F79EFBC}") = "API", "API\API.csproj", "{843E6222-2C4C-413A-B1C9-2523CEB7C6EE}"
EndProject
Project("{FAE04EC0-301F-11D3-BF4B-00C04F79EFBC}") = "Core", "Core\Core.csproj", "{A730486B-9535-4DFE-85C9-253007B61A4A}"
EndProject
Project("{FAE04EC0-301F-11D3-BF4B-00C04F79EFBC}") = "Infrastructure", "Infrastructure\Infrastructure.csproj", "{3D17B36B-3516-4615-B1E8-382D82AE7277}"
EndProject
Global
	GlobalSection(SolutionConfigurationPlatforms) = preSolution
		Debug|Any CPU = Debug|Any CPU
		Debug|x64 = Debug|x64
		Debug|x86 = Debug|x86
		Release|Any CPU = Release|Any CPU
		Release|x64 = Release|x64
		Release|x86 = Release|x86
	EndGlobalSection
	GlobalSection(SolutionProperties) = preSolution
		HideSolutionNode = FALSE
	EndGlobalSection
	GlobalSection(ProjectConfigurationPlatforms) = postSolution
		{843E6222-2C4C-413A-B1C9-2523CEB7C6EE}.Debug|Any CPU.ActiveCfg = Debug|Any CPU
		{843E6222-2C4C-413A-B1C9-2523CEB7C6EE}.Debug|Any CPU.Build.0 = Debug|Any CPU
		{843E6222-2C4C-413A-B1C9-2523CEB7C6EE}.Debug|x64.ActiveCfg = Debug|Any CPU
		{843E6222-2C4C-413A-B1C9-2523CEB7C6EE}.Debug|x64.Build.0 = Debug|Any CPU
		{843E6222-2C4C-413A-B1C9-2523CEB7C6EE}.Debug|x86.ActiveCfg = Debug|Any CPU
		{843E6222-2C4C-413A-B1C9-2523CEB7C6EE}.Debug|x86.Build.0 = Debug|Any CPU
		{843E6222-2C4C-413A-B1C9-2523CEB7C6EE}.Release|Any CPU.ActiveCfg = Release|Any CPU
		{843E6222-2C4C-413A-B1C9-2523CEB7C6EE}.Release|Any CPU.Build.0 = Release|Any CPU
		{843E6222-2C4C-413A-B1C9-2523CEB7C6EE}.Release|x64.ActiveCfg = Release|Any CPU
		{843E6222-2C4C-413A-B1C9-2523CEB7C6EE}.Release|x64.Build.0 = Release|Any CPU
		{843E6222-2C4C-413A-B1C9-2523CEB7C6EE}.Release|x86.ActiveCfg = Release|Any CPU
		{843E6222-2C4C-413A-B1C9-2523CEB7C6EE}.Release|x86.Build.0 = Release|Any CPU
		{A730486B-9535-4DFE-85C9-253007B61A4A}.Debug|Any CPU.ActiveCfg = Debug|Any CPU
		{A730486B-9535-4DFE-85C9-253007B61A4A}.Debug|Any CPU.Build.0 = Debug|Any CPU
		{A730486B-9535-4DFE-85C9-253007B61A4A}.Debug|x64.ActiveCfg = Debug|Any CPU
		{A730486B-9535-4DFE-85C9-253007B61A4A}.Debug|x64.Build.0 = Debug|Any CPU
		{A730486B-9535-4DFE-85C9-253007B61A4A}.Debug|x86.ActiveCfg = Debug|Any CPU
		{A730486B-9535-4DFE-85C9-253007B61A4A}.Debug|x86.Build.0 = Debug|Any CPU
		{A730486B-9535-4DFE-85C9-253007B61A4A}.Release|Any CPU.ActiveCfg = Release|Any CPU
		{A730486B-9535-4DFE-85C9-253007B61A4A}.Release|Any CPU.Build.0 = Release|Any CPU
		{A730486B-9535-4DFE-85C9-253007B61A4A}.Release|x64.ActiveCfg = Release|Any CPU
		{A730486B-9535-4DFE-85C9-253007B61A4A}.Release|x64.Build.0 = Release|Any CPU
		{A730486B-9535-4DFE-85C9-253007B61A4A}.Release|x86.ActiveCfg = Release|Any CPU
		{A730486B-9535-4DFE-85C9-253007B61A4A}.Release|x86.Build.0 = Release|Any CPU
		{3D17B36B-3516-4615-B1E8-382D82AE7277}.Debug|Any CPU.ActiveCfg = Debug|Any CPU
		{3D17B36B-3516-4615-B1E8-382D82AE7277}.Debug|Any CPU.Build.0 = Debug|Any CPU
		{3D17B36B-3516-4615-B1E8-382D82AE7277}.Debug|x64.ActiveCfg = Debug|Any CPU
		{3D17B36B-3516-4615-B1E8-382D82AE7277}.Debug|x64.Build.0 = Debug|Any CPU
		{3D17B36B-3516-4615-B1E8-382D82AE7277}.Debug|x86.ActiveCfg = Debug|Any CPU
		{3D17B36B-3516-4615-B1E8-382D82AE7277}.Debug|x86.Build.0 = Debug|Any CPU
		{3D17B36B-3516-4615-B1E8-382D82AE7277}.Release|Any CPU.ActiveCfg = Release|Any CPU
		{3D17B36B-3516-4615-B1E8-382D82AE7277}.Release|Any CPU.Build.0 = Release|Any CPU
		{3D17B36B-3516-4615-B1E8-382D82AE7277}.Release|x64.ActiveCfg = Release|Any CPU
		{3D17B36B-3516-4615-B1E8-382D82AE7277}.Release|x64.Build.0 = Release|Any CPU
		{3D17B36B-3516-4615-B1E8-382D82AE7277}.Release|x86.ActiveCfg = Release|Any CPU
		{3D17B36B-3516-4615-B1E8-382D82AE7277}.Release|x86.Build.0 = Release|Any CPU
	EndGlobalSection
EndGlobal
